
Microsoft Visual Studio Solution File, Format Version 12.00
# Visual Studio Version 17
VisualStudioVersion = 17.10.35004.147
MinimumVisualStudioVersion = 10.0.40219.1
Project("{FAE04EC0-301F-11D3-BF4B-00C04F79EFBC}") = "WebAPI", "WebAPI.csproj", "{996C665B-A6D2-449A-8E97-6BED9206E8FB}"
EndProject
Global
	GlobalSection(SolutionConfigurationPlatforms) = preSolution
		Debug|Any CPU = Debug|Any CPU
		Release|Any CPU = Release|Any CPU
	EndGlobalSection
	GlobalSection(ProjectConfigurationPlatforms) = postSolution
		{996C665B-A6D2-449A-8E97-6BED9206E8FB}.Debug|Any CPU.ActiveCfg = Debug|Any CPU
		{996C665B-A6D2-449A-8E97-6BED9206E8FB}.Debug|Any CPU.Build.0 = Debug|Any CPU
		{996C665B-A6D2-449A-8E97-6BED9206E8FB}.Release|Any CPU.ActiveCfg = Release|Any CPU
		{996C665B-A6D2-449A-8E97-6BED9206E8FB}.Release|Any CPU.Build.0 = Release|Any CPU
	EndGlobalSection
	GlobalSection(SolutionProperties) = preSolution
		HideSolutionNode = FALSE
	EndGlobalSection
	GlobalSection(ExtensibilityGlobals) = postSolution
		SolutionGuid = {B51D14CA-EA0A-4321-8C66-2DD08AE0ED82}
	EndGlobalSection
EndGlobal
